
Microsoft Visual Studio Solution File, Format Version 12.00
# Visual Studio Version 16
VisualStudioVersion = 16.0.29905.134
MinimumVisualStudioVersion = 10.0.40219.1
Project("{FAE04EC0-301F-11D3-BF4B-00C04F79EFBC}") = "QuickSort", "QuickSort.csproj", "{1F54F889-9F58-4234-90CF-F278B7B919F1}"
EndProject
Global
	GlobalSection(SolutionConfigurationPlatforms) = preSolution
		Debug|Any CPU = Debug|Any CPU
		Release|Any CPU = Release|Any CPU
	EndGlobalSection
	GlobalSection(ProjectConfigurationPlatforms) = postSolution
		{1F54F889-9F58-4234-90CF-F278B7B919F1}.Debug|Any CPU.ActiveCfg = Debug|Any CPU
		{1F54F889-9F58-4234-90CF-F278B7B919F1}.Debug|Any CPU.Build.0 = Debug|Any CPU
		{1F54F889-9F58-4234-90CF-F278B7B919F1}.Release|Any CPU.ActiveCfg = Release|Any CPU
		{1F54F889-9F58-4234-90CF-F278B7B919F1}.Release|Any CPU.Build.0 = Release|Any CPU
	EndGlobalSection
	GlobalSection(SolutionProperties) = preSolution
		HideSolutionNode = FALSE
	EndGlobalSection
	GlobalSection(ExtensibilityGlobals) = postSolution
		SolutionGuid = {802FD821-542F-4DA7-8706-0C61F3963F78}
	EndGlobalSection
EndGlobal
